// !$*UTF8*$!
{
	archiveVersion = 1;
	classes = {
	};
	objectVersion = 56;
	objects = {

/* Begin PBXBuildFile section */
		0A63DEBB2BEF462B00923E43 /* AppDelegate.swift in Sources */ = {isa = PBXBuildFile; fileRef = 0A63DEBA2BEF462B00923E43 /* AppDelegate.swift */; };
		0A63DEBF2BEF462B00923E43 /* ViewController.swift in Sources */ = {isa = PBXBuildFile; fileRef = 0A63DEBE2BEF462B00923E43 /* ViewController.swift */; };
		0A63DEC22BEF462B00923E43 /* Main.storyboard in Resources */ = {isa = PBXBuildFile; fileRef = 0A63DEC02BEF462B00923E43 /* Main.storyboard */; };
		0A63DEC42BEF462E00923E43 /* Assets.xcassets in Resources */ = {isa = PBXBuildFile; fileRef = 0A63DEC32BEF462E00923E43 /* Assets.xcassets */; };
		0A63DEC72BEF462E00923E43 /* LaunchScreen.storyboard in Resources */ = {isa = PBXBuildFile; fileRef = 0A63DEC52BEF462E00923E43 /* LaunchScreen.storyboard */; };
		0A63DEF22BEF487A00923E43 /* DynamsoftResources.bundle in Resources */ = {isa = PBXBuildFile; fileRef = 0A63DEF12BEF487A00923E43 /* DynamsoftResources.bundle */; };
		0A63DEF82BEF4B6900923E43 /* NSObject+Name.swift in Sources */ = {isa = PBXBuildFile; fileRef = 0A63DEF52BEF4B6900923E43 /* NSObject+Name.swift */; };
		0A63DEF92BEF4B6900923E43 /* UIDevice+Addition.swift in Sources */ = {isa = PBXBuildFile; fileRef = 0A63DEF62BEF4B6900923E43 /* UIDevice+Addition.swift */; };
		0A63DEFA2BEF4B6900923E43 /* UIView+Frame.swift in Sources */ = {isa = PBXBuildFile; fileRef = 0A63DEF72BEF4B6900923E43 /* UIView+Frame.swift */; };
		0A63DEFC2BEF4B8100923E43 /* Dynamsoft.swift in Sources */ = {isa = PBXBuildFile; fileRef = 0A63DEFB2BEF4B8100923E43 /* Dynamsoft.swift */; };
		0A63DEFE2BEF4F4F00923E43 /* PassportResultViewController.swift in Sources */ = {isa = PBXBuildFile; fileRef = 0A63DEFD2BEF4F4F00923E43 /* PassportResultViewController.swift */; };
		0A63DF022BEF687D00923E43 /* DSToolsManager.swift in Sources */ = {isa = PBXBuildFile; fileRef = 0A63DF012BEF687D00923E43 /* DSToolsManager.swift */; };
		68E2D6CE2C1ACEE00090ECE9 /* CameraViewController.swift in Sources */ = {isa = PBXBuildFile; fileRef = 68E2D6CD2C1ACEE00090ECE9 /* CameraViewController.swift */; };
		7C317EF0584BFF636B4C015E /* Pods_PassportMRZScanner.framework in Frameworks */ = {isa = PBXBuildFile; fileRef = BB3D37646801BFDA5299C5D1 /* Pods_PassportMRZScanner.framework */; };
/* End PBXBuildFile section */

/* Begin PBXCopyFilesBuildPhase section */
		0A63DEF02BEF47F500923E43 /* Embed Frameworks */ = {
			isa = PBXCopyFilesBuildPhase;
			buildActionMask = 2147483647;
			dstPath = "";
			dstSubfolderSpec = 10;
			files = (
			);
			name = "Embed Frameworks";
			runOnlyForDeploymentPostprocessing = 0;
		};
/* End PBXCopyFilesBuildPhase section */

/* Begin PBXFileReference section */
		0A63DEB72BEF462B00923E43 /* PassportMRZScanner.app */ = {isa = PBXFileReference; explicitFileType = wrapper.application; includeInIndex = 0; path = PassportMRZScanner.app; sourceTree = BUILT_PRODUCTS_DIR; };
		0A63DEBA2BEF462B00923E43 /* AppDelegate.swift */ = {isa = PBXFileReference; lastKnownFileType = sourcecode.swift; path = AppDelegate.swift; sourceTree = "<group>"; };
		0A63DEBE2BEF462B00923E43 /* ViewController.swift */ = {isa = PBXFileReference; lastKnownFileType = sourcecode.swift; path = ViewController.swift; sourceTree = "<group>"; };
		0A63DEC12BEF462B00923E43 /* Base */ = {isa = PBXFileReference; lastKnownFileType = file.storyboard; name = Base; path = Base.lproj/Main.storyboard; sourceTree = "<group>"; };
		0A63DEC32BEF462E00923E43 /* Assets.xcassets */ = {isa = PBXFileReference; lastKnownFileType = folder.assetcatalog; path = Assets.xcassets; sourceTree = "<group>"; };
		0A63DEC62BEF462E00923E43 /* Base */ = {isa = PBXFileReference; lastKnownFileType = file.storyboard; name = Base; path = Base.lproj/LaunchScreen.storyboard; sourceTree = "<group>"; };
		0A63DEC82BEF462E00923E43 /* Info.plist */ = {isa = PBXFileReference; lastKnownFileType = text.plist.xml; path = Info.plist; sourceTree = "<group>"; };
		0A63DEF12BEF487A00923E43 /* DynamsoftResources.bundle */ = {isa = PBXFileReference; lastKnownFileType = "wrapper.plug-in"; path = DynamsoftResources.bundle; sourceTree = "<group>"; };
		0A63DEF52BEF4B6900923E43 /* NSObject+Name.swift */ = {isa = PBXFileReference; fileEncoding = 4; lastKnownFileType = sourcecode.swift; path = "NSObject+Name.swift"; sourceTree = "<group>"; };
		0A63DEF62BEF4B6900923E43 /* UIDevice+Addition.swift */ = {isa = PBXFileReference; fileEncoding = 4; lastKnownFileType = sourcecode.swift; path = "UIDevice+Addition.swift"; sourceTree = "<group>"; };
		0A63DEF72BEF4B6900923E43 /* UIView+Frame.swift */ = {isa = PBXFileReference; fileEncoding = 4; lastKnownFileType = sourcecode.swift; path = "UIView+Frame.swift"; sourceTree = "<group>"; };
		0A63DEFB2BEF4B8100923E43 /* Dynamsoft.swift */ = {isa = PBXFileReference; lastKnownFileType = sourcecode.swift; path = Dynamsoft.swift; sourceTree = "<group>"; };
		0A63DEFD2BEF4F4F00923E43 /* PassportResultViewController.swift */ = {isa = PBXFileReference; lastKnownFileType = sourcecode.swift; path = PassportResultViewController.swift; sourceTree = "<group>"; };
		0A63DF012BEF687D00923E43 /* DSToolsManager.swift */ = {isa = PBXFileReference; fileEncoding = 4; lastKnownFileType = sourcecode.swift; path = DSToolsManager.swift; sourceTree = "<group>"; };
		234E217C4442432825D576BB /* Pods-PassportMRZScanner.debug.xcconfig */ = {isa = PBXFileReference; includeInIndex = 1; lastKnownFileType = text.xcconfig; name = "Pods-PassportMRZScanner.debug.xcconfig"; path = "Target Support Files/Pods-PassportMRZScanner/Pods-PassportMRZScanner.debug.xcconfig"; sourceTree = "<group>"; };
		68E2D6CD2C1ACEE00090ECE9 /* CameraViewController.swift */ = {isa = PBXFileReference; lastKnownFileType = sourcecode.swift; path = CameraViewController.swift; sourceTree = "<group>"; };
		A2CAC94FF8329B59623B4E47 /* Pods-PassportMRZScanner.release.xcconfig */ = {isa = PBXFileReference; includeInIndex = 1; lastKnownFileType = text.xcconfig; name = "Pods-PassportMRZScanner.release.xcconfig"; path = "Target Support Files/Pods-PassportMRZScanner/Pods-PassportMRZScanner.release.xcconfig"; sourceTree = "<group>"; };
		BB3D37646801BFDA5299C5D1 /* Pods_PassportMRZScanner.framework */ = {isa = PBXFileReference; explicitFileType = wrapper.framework; includeInIndex = 0; path = Pods_PassportMRZScanner.framework; sourceTree = BUILT_PRODUCTS_DIR; };
/* End PBXFileReference section */

/* Begin PBXFrameworksBuildPhase section */
		0A63DEB42BEF462B00923E43 /* Frameworks */ = {
			isa = PBXFrameworksBuildPhase;
			buildActionMask = 2147483647;
			files = (
				7C317EF0584BFF636B4C015E /* Pods_PassportMRZScanner.framework in Frameworks */,
			);
			runOnlyForDeploymentPostprocessing = 0;
		};
/* End PBXFrameworksBuildPhase section */

/* Begin PBXGroup section */
		0A63DEAE2BEF462B00923E43 = {
			isa = PBXGroup;
			children = (
				0A63DEF12BEF487A00923E43 /* DynamsoftResources.bundle */,
				0A63DEB92BEF462B00923E43 /* PassportMRZScanner */,
				0A63DEB82BEF462B00923E43 /* Products */,
				0A63DECE2BEF47F300923E43 /* Frameworks */,
				7BDEC14334B82910A88030AD /* Pods */,
			);
			sourceTree = "<group>";
		};
		0A63DEB82BEF462B00923E43 /* Products */ = {
			isa = PBXGroup;
			children = (
				0A63DEB72BEF462B00923E43 /* PassportMRZScanner.app */,
			);
			name = Products;
			sourceTree = "<group>";
		};
		0A63DEB92BEF462B00923E43 /* PassportMRZScanner */ = {
			isa = PBXGroup;
			children = (
				0A63DEF32BEF4B0800923E43 /* Category */,
				0A63DEF42BEF4B0F00923E43 /* Utils */,
				0A63DEBA2BEF462B00923E43 /* AppDelegate.swift */,
				0A63DEBE2BEF462B00923E43 /* ViewController.swift */,
				68E2D6CD2C1ACEE00090ECE9 /* CameraViewController.swift */,
				0A63DEFD2BEF4F4F00923E43 /* PassportResultViewController.swift */,
				0A63DEC02BEF462B00923E43 /* Main.storyboard */,
				0A63DEC32BEF462E00923E43 /* Assets.xcassets */,
				0A63DEC52BEF462E00923E43 /* LaunchScreen.storyboard */,
				0A63DEC82BEF462E00923E43 /* Info.plist */,
			);
			path = PassportMRZScanner;
			sourceTree = "<group>";
		};
		0A63DECE2BEF47F300923E43 /* Frameworks */ = {
			isa = PBXGroup;
			children = (
				BB3D37646801BFDA5299C5D1 /* Pods_PassportMRZScanner.framework */,
			);
			name = Frameworks;
			sourceTree = "<group>";
		};
		0A63DEF32BEF4B0800923E43 /* Category */ = {
			isa = PBXGroup;
			children = (
				0A63DEF52BEF4B6900923E43 /* NSObject+Name.swift */,
				0A63DEF62BEF4B6900923E43 /* UIDevice+Addition.swift */,
				0A63DEF72BEF4B6900923E43 /* UIView+Frame.swift */,
			);
			path = Category;
			sourceTree = "<group>";
		};
		0A63DEF42BEF4B0F00923E43 /* Utils */ = {
			isa = PBXGroup;
			children = (
				0A63DF012BEF687D00923E43 /* DSToolsManager.swift */,
				0A63DEFB2BEF4B8100923E43 /* Dynamsoft.swift */,
			);
			path = Utils;
			sourceTree = "<group>";
		};
		7BDEC14334B82910A88030AD /* Pods */ = {
			isa = PBXGroup;
			children = (
				234E217C4442432825D576BB /* Pods-PassportMRZScanner.debug.xcconfig */,
				A2CAC94FF8329B59623B4E47 /* Pods-PassportMRZScanner.release.xcconfig */,
			);
			path = Pods;
			sourceTree = "<group>";
		};
/* End PBXGroup section */

/* Begin PBXNativeTarget section */
		0A63DEB62BEF462B00923E43 /* PassportMRZScanner */ = {
			isa = PBXNativeTarget;
			buildConfigurationList = 0A63DECB2BEF462E00923E43 /* Build configuration list for PBXNativeTarget "PassportMRZScanner" */;
			buildPhases = (
				B2AA8C64476B9B85E6469F53 /* [CP] Check Pods Manifest.lock */,
				0A63DEB32BEF462B00923E43 /* Sources */,
				0A63DEB42BEF462B00923E43 /* Frameworks */,
				0A63DEB52BEF462B00923E43 /* Resources */,
				0A63DEF02BEF47F500923E43 /* Embed Frameworks */,
				6613AC12352F5BEC02A0A693 /* [CP] Embed Pods Frameworks */,
			);
			buildRules = (
			);
			dependencies = (
			);
			name = PassportMRZScanner;
			productName = PassportScanner;
			productReference = 0A63DEB72BEF462B00923E43 /* PassportMRZScanner.app */;
			productType = "com.apple.product-type.application";
		};
/* End PBXNativeTarget section */

/* Begin PBXProject section */
		0A63DEAF2BEF462B00923E43 /* Project object */ = {
			isa = PBXProject;
			attributes = {
				LastSwiftUpdateCheck = 1510;
				LastUpgradeCheck = 1510;
				TargetAttributes = {
					0A63DEB62BEF462B00923E43 = {
						CreatedOnToolsVersion = 15.1;
					};
				};
			};
			buildConfigurationList = 0A63DEB22BEF462B00923E43 /* Build configuration list for PBXProject "PassportMRZScanner" */;
			compatibilityVersion = "Xcode 14.0";
			developmentRegion = en;
			hasScannedForEncodings = 0;
			knownRegions = (
				en,
				Base,
			);
			mainGroup = 0A63DEAE2BEF462B00923E43;
			productRefGroup = 0A63DEB82BEF462B00923E43 /* Products */;
			projectDirPath = "";
			projectRoot = "";
			targets = (
				0A63DEB62BEF462B00923E43 /* PassportMRZScanner */,
			);
		};
/* End PBXProject section */

/* Begin PBXResourcesBuildPhase section */
		0A63DEB52BEF462B00923E43 /* Resources */ = {
			isa = PBXResourcesBuildPhase;
			buildActionMask = 2147483647;
			files = (
				0A63DEC72BEF462E00923E43 /* LaunchScreen.storyboard in Resources */,
				0A63DEF22BEF487A00923E43 /* DynamsoftResources.bundle in Resources */,
				0A63DEC42BEF462E00923E43 /* Assets.xcassets in Resources */,
				0A63DEC22BEF462B00923E43 /* Main.storyboard in Resources */,
			);
			runOnlyForDeploymentPostprocessing = 0;
		};
/* End PBXResourcesBuildPhase section */

/* Begin PBXShellScriptBuildPhase section */
		6613AC12352F5BEC02A0A693 /* [CP] Embed Pods Frameworks */ = {
			isa = PBXShellScriptBuildPhase;
			buildActionMask = 2147483647;
			files = (
			);
			inputFileListPaths = (
				"${PODS_ROOT}/Target Support Files/Pods-PassportMRZScanner/Pods-PassportMRZScanner-frameworks-${CONFIGURATION}-input-files.xcfilelist",
			);
			name = "[CP] Embed Pods Frameworks";
			outputFileListPaths = (
				"${PODS_ROOT}/Target Support Files/Pods-PassportMRZScanner/Pods-PassportMRZScanner-frameworks-${CONFIGURATION}-output-files.xcfilelist",
			);
			runOnlyForDeploymentPostprocessing = 0;
			shellPath = /bin/sh;
			shellScript = "\"${PODS_ROOT}/Target Support Files/Pods-PassportMRZScanner/Pods-PassportMRZScanner-frameworks.sh\"\n";
			showEnvVarsInLog = 0;
		};
		B2AA8C64476B9B85E6469F53 /* [CP] Check Pods Manifest.lock */ = {
			isa = PBXShellScriptBuildPhase;
			buildActionMask = 2147483647;
			files = (
			);
			inputFileListPaths = (
			);
			inputPaths = (
				"${PODS_PODFILE_DIR_PATH}/Podfile.lock",
				"${PODS_ROOT}/Manifest.lock",
			);
			name = "[CP] Check Pods Manifest.lock";
			outputFileListPaths = (
			);
			outputPaths = (
				"$(DERIVED_FILE_DIR)/Pods-PassportMRZScanner-checkManifestLockResult.txt",
			);
			runOnlyForDeploymentPostprocessing = 0;
			shellPath = /bin/sh;
			shellScript = "diff \"${PODS_PODFILE_DIR_PATH}/Podfile.lock\" \"${PODS_ROOT}/Manifest.lock\" > /dev/null\nif [ $? != 0 ] ; then\n    # print error to STDERR\n    echo \"error: The sandbox is not in sync with the Podfile.lock. Run 'pod install' or update your CocoaPods installation.\" >&2\n    exit 1\nfi\n# This output is used by Xcode 'outputs' to avoid re-running this script phase.\necho \"SUCCESS\" > \"${SCRIPT_OUTPUT_FILE_0}\"\n";
			showEnvVarsInLog = 0;
		};
/* End PBXShellScriptBuildPhase section */

/* Begin PBXSourcesBuildPhase section */
		0A63DEB32BEF462B00923E43 /* Sources */ = {
			isa = PBXSourcesBuildPhase;
			buildActionMask = 2147483647;
			files = (
				0A63DEBF2BEF462B00923E43 /* ViewController.swift in Sources */,
				0A63DEFA2BEF4B6900923E43 /* UIView+Frame.swift in Sources */,
				0A63DF022BEF687D00923E43 /* DSToolsManager.swift in Sources */,
				0A63DEF82BEF4B6900923E43 /* NSObject+Name.swift in Sources */,
				0A63DEBB2BEF462B00923E43 /* AppDelegate.swift in Sources */,
				68E2D6CE2C1ACEE00090ECE9 /* CameraViewController.swift in Sources */,
				0A63DEFE2BEF4F4F00923E43 /* PassportResultViewController.swift in Sources */,
				0A63DEF92BEF4B6900923E43 /* UIDevice+Addition.swift in Sources */,
				0A63DEFC2BEF4B8100923E43 /* Dynamsoft.swift in Sources */,
			);
			runOnlyForDeploymentPostprocessing = 0;
		};
/* End PBXSourcesBuildPhase section */

/* Begin PBXVariantGroup section */
		0A63DEC02BEF462B00923E43 /* Main.storyboard */ = {
			isa = PBXVariantGroup;
			children = (
				0A63DEC12BEF462B00923E43 /* Base */,
			);
			name = Main.storyboard;
			sourceTree = "<group>";
		};
		0A63DEC52BEF462E00923E43 /* LaunchScreen.storyboard */ = {
			isa = PBXVariantGroup;
			children = (
				0A63DEC62BEF462E00923E43 /* Base */,
			);
			name = LaunchScreen.storyboard;
			sourceTree = "<group>";
		};
/* End PBXVariantGroup section */

/* Begin XCBuildConfiguration section */
		0A63DEC92BEF462E00923E43 /* Debug */ = {
			isa = XCBuildConfiguration;
			buildSettings = {
				ALWAYS_SEARCH_USER_PATHS = NO;
				ASSETCATALOG_COMPILER_GENERATE_SWIFT_ASSET_SYMBOL_EXTENSIONS = YES;
				CLANG_ANALYZER_NONNULL = YES;
				CLANG_ANALYZER_NUMBER_OBJECT_CONVERSION = YES_AGGRESSIVE;
				CLANG_CXX_LANGUAGE_STANDARD = "gnu++20";
				CLANG_ENABLE_MODULES = YES;
				CLANG_ENABLE_OBJC_ARC = YES;
				CLANG_ENABLE_OBJC_WEAK = YES;
				CLANG_WARN_BLOCK_CAPTURE_AUTORELEASING = YES;
				CLANG_WARN_BOOL_CONVERSION = YES;
				CLANG_WARN_COMMA = YES;
				CLANG_WARN_CONSTANT_CONVERSION = YES;
				CLANG_WARN_DEPRECATED_OBJC_IMPLEMENTATIONS = YES;
				CLANG_WARN_DIRECT_OBJC_ISA_USAGE = YES_ERROR;
				CLANG_WARN_DOCUMENTATION_COMMENTS = YES;
				CLANG_WARN_EMPTY_BODY = YES;
				CLANG_WARN_ENUM_CONVERSION = YES;
				CLANG_WARN_INFINITE_RECURSION = YES;
				CLANG_WARN_INT_CONVERSION = YES;
				CLANG_WARN_NON_LITERAL_NULL_CONVERSION = YES;
				CLANG_WARN_OBJC_IMPLICIT_RETAIN_SELF = YES;
				CLANG_WARN_OBJC_LITERAL_CONVERSION = YES;
				CLANG_WARN_OBJC_ROOT_CLASS = YES_ERROR;
				CLANG_WARN_QUOTED_INCLUDE_IN_FRAMEWORK_HEADER = YES;
				CLANG_WARN_RANGE_LOOP_ANALYSIS = YES;
				CLANG_WARN_STRICT_PROTOTYPES = YES;
				CLANG_WARN_SUSPICIOUS_MOVE = YES;
				CLANG_WARN_UNGUARDED_AVAILABILITY = YES_AGGRESSIVE;
				CLANG_WARN_UNREACHABLE_CODE = YES;
				CLANG_WARN__DUPLICATE_METHOD_MATCH = YES;
				COPY_PHASE_STRIP = NO;
				DEBUG_INFORMATION_FORMAT = dwarf;
				ENABLE_STRICT_OBJC_MSGSEND = YES;
				ENABLE_TESTABILITY = YES;
				ENABLE_USER_SCRIPT_SANDBOXING = NO;
				GCC_C_LANGUAGE_STANDARD = gnu17;
				GCC_DYNAMIC_NO_PIC = NO;
				GCC_NO_COMMON_BLOCKS = YES;
				GCC_OPTIMIZATION_LEVEL = 0;
				GCC_PREPROCESSOR_DEFINITIONS = (
					"DEBUG=1",
					"$(inherited)",
				);
				GCC_WARN_64_TO_32_BIT_CONVERSION = YES;
				GCC_WARN_ABOUT_RETURN_TYPE = YES_ERROR;
				GCC_WARN_UNDECLARED_SELECTOR = YES;
				GCC_WARN_UNINITIALIZED_AUTOS = YES_AGGRESSIVE;
				GCC_WARN_UNUSED_FUNCTION = YES;
				GCC_WARN_UNUSED_VARIABLE = YES;
				IPHONEOS_DEPLOYMENT_TARGET = 17.2;
				LOCALIZATION_PREFERS_STRING_CATALOGS = YES;
				MTL_ENABLE_DEBUG_INFO = INCLUDE_SOURCE;
				MTL_FAST_MATH = YES;
				ONLY_ACTIVE_ARCH = YES;
				SDKROOT = iphoneos;
				SWIFT_ACTIVE_COMPILATION_CONDITIONS = "DEBUG $(inherited)";
				SWIFT_OPTIMIZATION_LEVEL = "-Onone";
			};
			name = Debug;
		};
		0A63DECA2BEF462E00923E43 /* Release */ = {
			isa = XCBuildConfiguration;
			buildSettings = {
				ALWAYS_SEARCH_USER_PATHS = NO;
				ASSETCATALOG_COMPILER_GENERATE_SWIFT_ASSET_SYMBOL_EXTENSIONS = YES;
				CLANG_ANALYZER_NONNULL = YES;
				CLANG_ANALYZER_NUMBER_OBJECT_CONVERSION = YES_AGGRESSIVE;
				CLANG_CXX_LANGUAGE_STANDARD = "gnu++20";
				CLANG_ENABLE_MODULES = YES;
				CLANG_ENABLE_OBJC_ARC = YES;
				CLANG_ENABLE_OBJC_WEAK = YES;
				CLANG_WARN_BLOCK_CAPTURE_AUTORELEASING = YES;
				CLANG_WARN_BOOL_CONVERSION = YES;
				CLANG_WARN_COMMA = YES;
				CLANG_WARN_CONSTANT_CONVERSION = YES;
				CLANG_WARN_DEPRECATED_OBJC_IMPLEMENTATIONS = YES;
				CLANG_WARN_DIRECT_OBJC_ISA_USAGE = YES_ERROR;
				CLANG_WARN_DOCUMENTATION_COMMENTS = YES;
				CLANG_WARN_EMPTY_BODY = YES;
				CLANG_WARN_ENUM_CONVERSION = YES;
				CLANG_WARN_INFINITE_RECURSION = YES;
				CLANG_WARN_INT_CONVERSION = YES;
				CLANG_WARN_NON_LITERAL_NULL_CONVERSION = YES;
				CLANG_WARN_OBJC_IMPLICIT_RETAIN_SELF = YES;
				CLANG_WARN_OBJC_LITERAL_CONVERSION = YES;
				CLANG_WARN_OBJC_ROOT_CLASS = YES_ERROR;
				CLANG_WARN_QUOTED_INCLUDE_IN_FRAMEWORK_HEADER = YES;
				CLANG_WARN_RANGE_LOOP_ANALYSIS = YES;
				CLANG_WARN_STRICT_PROTOTYPES = YES;
				CLANG_WARN_SUSPICIOUS_MOVE = YES;
				CLANG_WARN_UNGUARDED_AVAILABILITY = YES_AGGRESSIVE;
				CLANG_WARN_UNREACHABLE_CODE = YES;
				CLANG_WARN__DUPLICATE_METHOD_MATCH = YES;
				COPY_PHASE_STRIP = NO;
				DEBUG_INFORMATION_FORMAT = "dwarf-with-dsym";
				ENABLE_NS_ASSERTIONS = NO;
				ENABLE_STRICT_OBJC_MSGSEND = YES;
				ENABLE_USER_SCRIPT_SANDBOXING = NO;
				GCC_C_LANGUAGE_STANDARD = gnu17;
				GCC_NO_COMMON_BLOCKS = YES;
				GCC_WARN_64_TO_32_BIT_CONVERSION = YES;
				GCC_WARN_ABOUT_RETURN_TYPE = YES_ERROR;
				GCC_WARN_UNDECLARED_SELECTOR = YES;
				GCC_WARN_UNINITIALIZED_AUTOS = YES_AGGRESSIVE;
				GCC_WARN_UNUSED_FUNCTION = YES;
				GCC_WARN_UNUSED_VARIABLE = YES;
				IPHONEOS_DEPLOYMENT_TARGET = 17.2;
				LOCALIZATION_PREFERS_STRING_CATALOGS = YES;
				MTL_ENABLE_DEBUG_INFO = NO;
				MTL_FAST_MATH = YES;
				SDKROOT = iphoneos;
				SWIFT_COMPILATION_MODE = wholemodule;
				VALIDATE_PRODUCT = YES;
			};
			name = Release;
		};
		0A63DECC2BEF462E00923E43 /* Debug */ = {
			isa = XCBuildConfiguration;
			baseConfigurationReference = 234E217C4442432825D576BB /* Pods-PassportMRZScanner.debug.xcconfig */;
			buildSettings = {
				ASSETCATALOG_COMPILER_APPICON_NAME = AppIcon;
				ASSETCATALOG_COMPILER_GLOBAL_ACCENT_COLOR_NAME = AccentColor;
				CODE_SIGN_STYLE = Automatic;
				CURRENT_PROJECT_VERSION = 1;
				DEVELOPMENT_TEAM = W6PESGXW9M;
				GENERATE_INFOPLIST_FILE = YES;
				INFOPLIST_FILE = PassportMRZScanner/Info.plist;
				INFOPLIST_KEY_NSCameraUsageDescription = "";
				INFOPLIST_KEY_UIApplicationSupportsIndirectInputEvents = YES;
				INFOPLIST_KEY_UILaunchStoryboardName = LaunchScreen;
				INFOPLIST_KEY_UIMainStoryboardFile = Main;
				INFOPLIST_KEY_UIStatusBarStyle = UIStatusBarStyleLightContent;
				INFOPLIST_KEY_UISupportedInterfaceOrientations = UIInterfaceOrientationPortrait;
				IPHONEOS_DEPLOYMENT_TARGET = 13.0;
				LD_RUNPATH_SEARCH_PATHS = (
					"$(inherited)",
					"@executable_path/Frameworks",
				);
				MARKETING_VERSION = 1.0;
				PRODUCT_BUNDLE_IDENTIFIER = com.dynamsoft.passportmrzscanner;
				PRODUCT_NAME = "$(TARGET_NAME)";
				SWIFT_EMIT_LOC_STRINGS = YES;
				SWIFT_VERSION = 5.0;
				TARGETED_DEVICE_FAMILY = "1,2";
			};
			name = Debug;
		};
		0A63DECD2BEF462E00923E43 /* Release */ = {
			isa = XCBuildConfiguration;
			baseConfigurationReference = A2CAC94FF8329B59623B4E47 /* Pods-PassportMRZScanner.release.xcconfig */;
			buildSettings = {
				ASSETCATALOG_COMPILER_APPICON_NAME = AppIcon;
				ASSETCATALOG_COMPILER_GLOBAL_ACCENT_COLOR_NAME = AccentColor;
				CODE_SIGN_STYLE = Automatic;
				CURRENT_PROJECT_VERSION = 1;
				DEVELOPMENT_TEAM = W6PESGXW9M;
				GENERATE_INFOPLIST_FILE = YES;
				INFOPLIST_FILE = PassportMRZScanner/Info.plist;
				INFOPLIST_KEY_NSCameraUsageDescription = "";
				INFOPLIST_KEY_UIApplicationSupportsIndirectInputEvents = YES;
				INFOPLIST_KEY_UILaunchStoryboardName = LaunchScreen;
				INFOPLIST_KEY_UIMainStoryboardFile = Main;
				INFOPLIST_KEY_UIStatusBarStyle = UIStatusBarStyleLightContent;
				INFOPLIST_KEY_UISupportedInterfaceOrientations = UIInterfaceOrientationPortrait;
				IPHONEOS_DEPLOYMENT_TARGET = 13.0;
				LD_RUNPATH_SEARCH_PATHS = (
					"$(inherited)",
					"@executable_path/Frameworks",
				);
				MARKETING_VERSION = 1.0;
				PRODUCT_BUNDLE_IDENTIFIER = com.dynamsoft.passportmrzscanner;
				PRODUCT_NAME = "$(TARGET_NAME)";
				SWIFT_EMIT_LOC_STRINGS = YES;
				SWIFT_VERSION = 5.0;
				TARGETED_DEVICE_FAMILY = "1,2";
			};
			name = Release;
		};
/* End XCBuildConfiguration section */

/* Begin XCConfigurationList section */
		0A63DEB22BEF462B00923E43 /* Build configuration list for PBXProject "PassportMRZScanner" */ = {
			isa = XCConfigurationList;
			buildConfigurations = (
				0A63DEC92BEF462E00923E43 /* Debug */,
				0A63DECA2BEF462E00923E43 /* Release */,
			);
			defaultConfigurationIsVisible = 0;
			defaultConfigurationName = Release;
		};
		0A63DECB2BEF462E00923E43 /* Build configuration list for PBXNativeTarget "PassportMRZScanner" */ = {
			isa = XCConfigurationList;
			buildConfigurations = (
				0A63DECC2BEF462E00923E43 /* Debug */,
				0A63DECD2BEF462E00923E43 /* Release */,
			);
			defaultConfigurationIsVisible = 0;
			defaultConfigurationName = Release;
		};
/* End XCConfigurationList section */
	};
	rootObject = 0A63DEAF2BEF462B00923E43 /* Project object */;
}
