// !$*UTF8*$!
{
	archiveVersion = 1;
	classes = {
	};
	objectVersion = 50;
	objects = {

/* Begin PBXBuildFile section */
		0A709A9028D1C8D3004BBB00 /* UIView+Frame.swift in Sources */ = {isa = PBXBuildFile; fileRef = 0A709A8B28D1C8D3004BBB00 /* UIView+Frame.swift */; };
		0A709A9128D1C8D3004BBB00 /* DynamsoftToolsManager.swift in Sources */ = {isa = PBXBuildFile; fileRef = 0A709A8D28D1C8D3004BBB00 /* DynamsoftToolsManager.swift */; };
		0A709A9228D1C8D3004BBB00 /* Dynamsoft.swift in Sources */ = {isa = PBXBuildFile; fileRef = 0A709A8F28D1C8D3004BBB00 /* Dynamsoft.swift */; };
		0A709A9A28D1C97B004BBB00 /* BaseViewController.swift in Sources */ = {isa = PBXBuildFile; fileRef = 0A709A9828D1C97B004BBB00 /* BaseViewController.swift */; };
		0A709A9B28D1C97B004BBB00 /* BaseNavigationController.swift in Sources */ = {isa = PBXBuildFile; fileRef = 0A709A9928D1C97B004BBB00 /* BaseNavigationController.swift */; };
		0AA035E428DC3BDE00D61698 /* MRZRecognizer.framework in Frameworks */ = {isa = PBXBuildFile; fileRef = 0AA035E328DC3BDE00D61698 /* MRZRecognizer.framework */; };
		0AA035E528DC3BDE00D61698 /* MRZRecognizer.framework in Embed Frameworks */ = {isa = PBXBuildFile; fileRef = 0AA035E328DC3BDE00D61698 /* MRZRecognizer.framework */; settings = {ATTRIBUTES = (CodeSignOnCopy, RemoveHeadersOnCopy, ); }; };
		0AA997C828D1D10600F7ADFF /* MRZResultViewController.swift in Sources */ = {isa = PBXBuildFile; fileRef = 0AA997C728D1D10600F7ADFF /* MRZResultViewController.swift */; };
		0AA997CD28D1D6F700F7ADFF /* UIDevice+Orientation.m in Sources */ = {isa = PBXBuildFile; fileRef = 0AA997CC28D1D6F700F7ADFF /* UIDevice+Orientation.m */; };
		0AA997D028D2BB1000F7ADFF /* MRZResultTableViewCell.swift in Sources */ = {isa = PBXBuildFile; fileRef = 0AA997CF28D2BB1000F7ADFF /* MRZResultTableViewCell.swift */; };
		0AEA032E28D1C7B10076A1BA /* AppDelegate.swift in Sources */ = {isa = PBXBuildFile; fileRef = 0AEA032D28D1C7B10076A1BA /* AppDelegate.swift */; };
		0AEA033228D1C7B10076A1BA /* ViewController.swift in Sources */ = {isa = PBXBuildFile; fileRef = 0AEA033128D1C7B10076A1BA /* ViewController.swift */; };
		0AEA033528D1C7B10076A1BA /* Main.storyboard in Resources */ = {isa = PBXBuildFile; fileRef = 0AEA033328D1C7B10076A1BA /* Main.storyboard */; };
		0AEA033728D1C7B30076A1BA /* Assets.xcassets in Resources */ = {isa = PBXBuildFile; fileRef = 0AEA033628D1C7B30076A1BA /* Assets.xcassets */; };
		0AEA033A28D1C7B30076A1BA /* LaunchScreen.storyboard in Resources */ = {isa = PBXBuildFile; fileRef = 0AEA033828D1C7B30076A1BA /* LaunchScreen.storyboard */; };
/* End PBXBuildFile section */

/* Begin PBXContainerItemProxy section */
		0AA035E128DC3B8500D61698 /* PBXContainerItemProxy */ = {
			isa = PBXContainerItemProxy;
			containerPortal = 0AA035DC28DC3B8500D61698 /* MRZRecognizer.xcodeproj */;
			proxyType = 2;
			remoteGlobalIDString = 0ABDE59128DC33AC00F67C11;
			remoteInfo = MRZRecognizer;
		};
		0AA035E628DC3C0D00D61698 /* PBXContainerItemProxy */ = {
			isa = PBXContainerItemProxy;
			containerPortal = 0AA035DC28DC3B8500D61698 /* MRZRecognizer.xcodeproj */;
			proxyType = 1;
			remoteGlobalIDString = 0ABDE59B28DC34DC00F67C11;
			remoteInfo = Aggregate;
		};
/* End PBXContainerItemProxy section */

/* Begin PBXCopyFilesBuildPhase section */
		0A709AA928D1C9FB004BBB00 /* Embed Frameworks */ = {
			isa = PBXCopyFilesBuildPhase;
			buildActionMask = 2147483647;
			dstPath = "";
			dstSubfolderSpec = 10;
			files = (
				0AA035E528DC3BDE00D61698 /* MRZRecognizer.framework in Embed Frameworks */,
			);
			name = "Embed Frameworks";
			runOnlyForDeploymentPostprocessing = 0;
		};
/* End PBXCopyFilesBuildPhase section */

/* Begin PBXFileReference section */
		0A709A8B28D1C8D3004BBB00 /* UIView+Frame.swift */ = {isa = PBXFileReference; fileEncoding = 4; lastKnownFileType = sourcecode.swift; path = "UIView+Frame.swift"; sourceTree = "<group>"; };
		0A709A8D28D1C8D3004BBB00 /* DynamsoftToolsManager.swift */ = {isa = PBXFileReference; fileEncoding = 4; lastKnownFileType = sourcecode.swift; path = DynamsoftToolsManager.swift; sourceTree = "<group>"; };
		0A709A8F28D1C8D3004BBB00 /* Dynamsoft.swift */ = {isa = PBXFileReference; fileEncoding = 4; lastKnownFileType = sourcecode.swift; path = Dynamsoft.swift; sourceTree = "<group>"; };
		0A709A9328D1C906004BBB00 /* MRZScannerSwift-Bridging-Header.h */ = {isa = PBXFileReference; lastKnownFileType = sourcecode.c.h; path = "MRZScannerSwift-Bridging-Header.h"; sourceTree = "<group>"; };
		0A709A9828D1C97B004BBB00 /* BaseViewController.swift */ = {isa = PBXFileReference; fileEncoding = 4; lastKnownFileType = sourcecode.swift; path = BaseViewController.swift; sourceTree = "<group>"; };
		0A709A9928D1C97B004BBB00 /* BaseNavigationController.swift */ = {isa = PBXFileReference; fileEncoding = 4; lastKnownFileType = sourcecode.swift; path = BaseNavigationController.swift; sourceTree = "<group>"; };
		0AA035DC28DC3B8500D61698 /* MRZRecognizer.xcodeproj */ = {isa = PBXFileReference; lastKnownFileType = "wrapper.pb-project"; name = MRZRecognizer.xcodeproj; path = "../../Objective-C/MRZScannerObjC/MRZRecognizer/MRZRecognizer.xcodeproj"; sourceTree = "<group>"; };
		0AA035E328DC3BDE00D61698 /* MRZRecognizer.framework */ = {isa = PBXFileReference; lastKnownFileType = wrapper.framework; name = MRZRecognizer.framework; path = "../../Objective-C/MRZScannerObjC/MRZRecognizer/Products/MRZRecognizer.framework"; sourceTree = "<group>"; };
		0AA997C728D1D10600F7ADFF /* MRZResultViewController.swift */ = {isa = PBXFileReference; lastKnownFileType = sourcecode.swift; path = MRZResultViewController.swift; sourceTree = "<group>"; };
		0AA997CB28D1D6F700F7ADFF /* UIDevice+Orientation.h */ = {isa = PBXFileReference; fileEncoding = 4; lastKnownFileType = sourcecode.c.h; path = "UIDevice+Orientation.h"; sourceTree = "<group>"; };
		0AA997CC28D1D6F700F7ADFF /* UIDevice+Orientation.m */ = {isa = PBXFileReference; fileEncoding = 4; lastKnownFileType = sourcecode.c.objc; path = "UIDevice+Orientation.m"; sourceTree = "<group>"; };
		0AA997CF28D2BB1000F7ADFF /* MRZResultTableViewCell.swift */ = {isa = PBXFileReference; lastKnownFileType = sourcecode.swift; path = MRZResultTableViewCell.swift; sourceTree = "<group>"; };
		0AEA032A28D1C7B10076A1BA /* MRZScannerSwift.app */ = {isa = PBXFileReference; explicitFileType = wrapper.application; includeInIndex = 0; path = MRZScannerSwift.app; sourceTree = BUILT_PRODUCTS_DIR; };
		0AEA032D28D1C7B10076A1BA /* AppDelegate.swift */ = {isa = PBXFileReference; lastKnownFileType = sourcecode.swift; path = AppDelegate.swift; sourceTree = "<group>"; };
		0AEA033128D1C7B10076A1BA /* ViewController.swift */ = {isa = PBXFileReference; lastKnownFileType = sourcecode.swift; path = ViewController.swift; sourceTree = "<group>"; };
		0AEA033428D1C7B10076A1BA /* Base */ = {isa = PBXFileReference; lastKnownFileType = file.storyboard; name = Base; path = Base.lproj/Main.storyboard; sourceTree = "<group>"; };
		0AEA033628D1C7B30076A1BA /* Assets.xcassets */ = {isa = PBXFileReference; lastKnownFileType = folder.assetcatalog; path = Assets.xcassets; sourceTree = "<group>"; };
		0AEA033928D1C7B30076A1BA /* Base */ = {isa = PBXFileReference; lastKnownFileType = file.storyboard; name = Base; path = Base.lproj/LaunchScreen.storyboard; sourceTree = "<group>"; };
		0AEA033B28D1C7B30076A1BA /* Info.plist */ = {isa = PBXFileReference; lastKnownFileType = text.plist.xml; path = Info.plist; sourceTree = "<group>"; };
/* End PBXFileReference section */

/* Begin PBXFrameworksBuildPhase section */
		0AEA032728D1C7B10076A1BA /* Frameworks */ = {
			isa = PBXFrameworksBuildPhase;
			buildActionMask = 2147483647;
			files = (
				0AA035E428DC3BDE00D61698 /* MRZRecognizer.framework in Frameworks */,
			);
			runOnlyForDeploymentPostprocessing = 0;
		};
/* End PBXFrameworksBuildPhase section */

/* Begin PBXGroup section */
		0A709A8A28D1C8D3004BBB00 /* Category */ = {
			isa = PBXGroup;
			children = (
				0A709A8B28D1C8D3004BBB00 /* UIView+Frame.swift */,
				0AA997CB28D1D6F700F7ADFF /* UIDevice+Orientation.h */,
				0AA997CC28D1D6F700F7ADFF /* UIDevice+Orientation.m */,
			);
			path = Category;
			sourceTree = "<group>";
		};
		0A709A8C28D1C8D3004BBB00 /* Manager */ = {
			isa = PBXGroup;
			children = (
				0A709A8D28D1C8D3004BBB00 /* DynamsoftToolsManager.swift */,
			);
			path = Manager;
			sourceTree = "<group>";
		};
		0A709A8E28D1C8D3004BBB00 /* PCH */ = {
			isa = PBXGroup;
			children = (
				0A709A8F28D1C8D3004BBB00 /* Dynamsoft.swift */,
			);
			path = PCH;
			sourceTree = "<group>";
		};
		0A709A9728D1C97B004BBB00 /* BaseViewController */ = {
			isa = PBXGroup;
			children = (
				0A709A9828D1C97B004BBB00 /* BaseViewController.swift */,
				0A709A9928D1C97B004BBB00 /* BaseNavigationController.swift */,
			);
			path = BaseViewController;
			sourceTree = "<group>";
		};
		0A709A9C28D1C9FA004BBB00 /* Frameworks */ = {
			isa = PBXGroup;
			children = (
				0AA035E328DC3BDE00D61698 /* MRZRecognizer.framework */,
			);
			name = Frameworks;
			sourceTree = "<group>";
		};
		0AA035DD28DC3B8500D61698 /* Products */ = {
			isa = PBXGroup;
			children = (
				0AA035E228DC3B8500D61698 /* MRZRecognizer.framework */,
			);
			name = Products;
			sourceTree = "<group>";
		};
		0AA997CE28D2BAED00F7ADFF /* Results */ = {
			isa = PBXGroup;
			children = (
				0AA997CF28D2BB1000F7ADFF /* MRZResultTableViewCell.swift */,
			);
			path = Results;
			sourceTree = "<group>";
		};
		0AEA032128D1C7B10076A1BA = {
			isa = PBXGroup;
			children = (
				0AA035DC28DC3B8500D61698 /* MRZRecognizer.xcodeproj */,
				0AEA032C28D1C7B10076A1BA /* MRZScannerSwift */,
				0AEA032B28D1C7B10076A1BA /* Products */,
				0A709A9C28D1C9FA004BBB00 /* Frameworks */,
			);
			sourceTree = "<group>";
		};
		0AEA032B28D1C7B10076A1BA /* Products */ = {
			isa = PBXGroup;
			children = (
				0AEA032A28D1C7B10076A1BA /* MRZScannerSwift.app */,
			);
			name = Products;
			sourceTree = "<group>";
		};
		0AEA032C28D1C7B10076A1BA /* MRZScannerSwift */ = {
			isa = PBXGroup;
			children = (
				0A709A8C28D1C8D3004BBB00 /* Manager */,
				0AA997CE28D2BAED00F7ADFF /* Results */,
				0A709A9728D1C97B004BBB00 /* BaseViewController */,
				0A709A8A28D1C8D3004BBB00 /* Category */,
				0A709A8E28D1C8D3004BBB00 /* PCH */,
				0AEA032D28D1C7B10076A1BA /* AppDelegate.swift */,
				0AEA033128D1C7B10076A1BA /* ViewController.swift */,
				0AA997C728D1D10600F7ADFF /* MRZResultViewController.swift */,
				0AEA033328D1C7B10076A1BA /* Main.storyboard */,
				0AEA033628D1C7B30076A1BA /* Assets.xcassets */,
				0AEA033828D1C7B30076A1BA /* LaunchScreen.storyboard */,
				0AEA033B28D1C7B30076A1BA /* Info.plist */,
				0A709A9328D1C906004BBB00 /* MRZScannerSwift-Bridging-Header.h */,
			);
			path = MRZScannerSwift;
			sourceTree = "<group>";
		};
/* End PBXGroup section */

/* Begin PBXNativeTarget section */
		0AEA032928D1C7B10076A1BA /* MRZScannerSwift */ = {
			isa = PBXNativeTarget;
			buildConfigurationList = 0AEA033E28D1C7B30076A1BA /* Build configuration list for PBXNativeTarget "MRZScannerSwift" */;
			buildPhases = (
				0AEA032628D1C7B10076A1BA /* Sources */,
				0AEA032728D1C7B10076A1BA /* Frameworks */,
				0AEA032828D1C7B10076A1BA /* Resources */,
				0A709AA928D1C9FB004BBB00 /* Embed Frameworks */,
			);
			buildRules = (
			);
			dependencies = (
				0AA035E728DC3C0D00D61698 /* PBXTargetDependency */,
			);
			name = MRZScannerSwift;
			productName = MRZScannerSwift;
			productReference = 0AEA032A28D1C7B10076A1BA /* MRZScannerSwift.app */;
			productType = "com.apple.product-type.application";
		};
/* End PBXNativeTarget section */

/* Begin PBXProject section */
		0AEA032228D1C7B10076A1BA /* Project object */ = {
			isa = PBXProject;
			attributes = {
				LastSwiftUpdateCheck = 1340;
				LastUpgradeCheck = 1340;
				TargetAttributes = {
					0AEA032928D1C7B10076A1BA = {
						CreatedOnToolsVersion = 13.4.1;
						LastSwiftMigration = 1340;
					};
				};
			};
			buildConfigurationList = 0AEA032528D1C7B10076A1BA /* Build configuration list for PBXProject "MRZScannerSwift" */;
			compatibilityVersion = "Xcode 13.0";
			developmentRegion = en;
			hasScannedForEncodings = 0;
			knownRegions = (
				en,
				Base,
			);
			mainGroup = 0AEA032128D1C7B10076A1BA;
			productRefGroup = 0AEA032B28D1C7B10076A1BA /* Products */;
			projectDirPath = "";
			projectReferences = (
				{
					ProductGroup = 0AA035DD28DC3B8500D61698 /* Products */;
					ProjectRef = 0AA035DC28DC3B8500D61698 /* MRZRecognizer.xcodeproj */;
				},
			);
			projectRoot = "";
			targets = (
				0AEA032928D1C7B10076A1BA /* MRZScannerSwift */,
			);
		};
/* End PBXProject section */

/* Begin PBXReferenceProxy section */
		0AA035E228DC3B8500D61698 /* MRZRecognizer.framework */ = {
			isa = PBXReferenceProxy;
			fileType = wrapper.framework;
			path = MRZRecognizer.framework;
			remoteRef = 0AA035E128DC3B8500D61698 /* PBXContainerItemProxy */;
			sourceTree = BUILT_PRODUCTS_DIR;
		};
/* End PBXReferenceProxy section */

/* Begin PBXResourcesBuildPhase section */
		0AEA032828D1C7B10076A1BA /* Resources */ = {
			isa = PBXResourcesBuildPhase;
			buildActionMask = 2147483647;
			files = (
				0AEA033A28D1C7B30076A1BA /* LaunchScreen.storyboard in Resources */,
				0AEA033728D1C7B30076A1BA /* Assets.xcassets in Resources */,
				0AEA033528D1C7B10076A1BA /* Main.storyboard in Resources */,
			);
			runOnlyForDeploymentPostprocessing = 0;
		};
/* End PBXResourcesBuildPhase section */

/* Begin PBXSourcesBuildPhase section */
		0AEA032628D1C7B10076A1BA /* Sources */ = {
			isa = PBXSourcesBuildPhase;
			buildActionMask = 2147483647;
			files = (
				0A709A9228D1C8D3004BBB00 /* Dynamsoft.swift in Sources */,
				0A709A9B28D1C97B004BBB00 /* BaseNavigationController.swift in Sources */,
				0AEA033228D1C7B10076A1BA /* ViewController.swift in Sources */,
				0AEA032E28D1C7B10076A1BA /* AppDelegate.swift in Sources */,
				0AA997D028D2BB1000F7ADFF /* MRZResultTableViewCell.swift in Sources */,
				0AA997CD28D1D6F700F7ADFF /* UIDevice+Orientation.m in Sources */,
				0A709A9028D1C8D3004BBB00 /* UIView+Frame.swift in Sources */,
				0A709A9128D1C8D3004BBB00 /* DynamsoftToolsManager.swift in Sources */,
				0A709A9A28D1C97B004BBB00 /* BaseViewController.swift in Sources */,
				0AA997C828D1D10600F7ADFF /* MRZResultViewController.swift in Sources */,
			);
			runOnlyForDeploymentPostprocessing = 0;
		};
/* End PBXSourcesBuildPhase section */

/* Begin PBXTargetDependency section */
		0AA035E728DC3C0D00D61698 /* PBXTargetDependency */ = {
			isa = PBXTargetDependency;
			name = Aggregate;
			targetProxy = 0AA035E628DC3C0D00D61698 /* PBXContainerItemProxy */;
		};
/* End PBXTargetDependency section */

/* Begin PBXVariantGroup section */
		0AEA033328D1C7B10076A1BA /* Main.storyboard */ = {
			isa = PBXVariantGroup;
			children = (
				0AEA033428D1C7B10076A1BA /* Base */,
			);
			name = Main.storyboard;
			sourceTree = "<group>";
		};
		0AEA033828D1C7B30076A1BA /* LaunchScreen.storyboard */ = {
			isa = PBXVariantGroup;
			children = (
				0AEA033928D1C7B30076A1BA /* Base */,
			);
			name = LaunchScreen.storyboard;
			sourceTree = "<group>";
		};
/* End PBXVariantGroup section */

/* Begin XCBuildConfiguration section */
		0AEA033C28D1C7B30076A1BA /* Debug */ = {
			isa = XCBuildConfiguration;
			buildSettings = {
				ALWAYS_SEARCH_USER_PATHS = NO;
				CLANG_ANALYZER_NONNULL = YES;
				CLANG_ANALYZER_NUMBER_OBJECT_CONVERSION = YES_AGGRESSIVE;
				CLANG_CXX_LANGUAGE_STANDARD = "gnu++17";
				CLANG_ENABLE_MODULES = YES;
				CLANG_ENABLE_OBJC_ARC = YES;
				CLANG_ENABLE_OBJC_WEAK = YES;
				CLANG_WARN_BLOCK_CAPTURE_AUTORELEASING = YES;
				CLANG_WARN_BOOL_CONVERSION = YES;
				CLANG_WARN_COMMA = YES;
				CLANG_WARN_CONSTANT_CONVERSION = YES;
				CLANG_WARN_DEPRECATED_OBJC_IMPLEMENTATIONS = YES;
				CLANG_WARN_DIRECT_OBJC_ISA_USAGE = YES_ERROR;
				CLANG_WARN_DOCUMENTATION_COMMENTS = YES;
				CLANG_WARN_EMPTY_BODY = YES;
				CLANG_WARN_ENUM_CONVERSION = YES;
				CLANG_WARN_INFINITE_RECURSION = YES;
				CLANG_WARN_INT_CONVERSION = YES;
				CLANG_WARN_NON_LITERAL_NULL_CONVERSION = YES;
				CLANG_WARN_OBJC_IMPLICIT_RETAIN_SELF = YES;
				CLANG_WARN_OBJC_LITERAL_CONVERSION = YES;
				CLANG_WARN_OBJC_ROOT_CLASS = YES_ERROR;
				CLANG_WARN_QUOTED_INCLUDE_IN_FRAMEWORK_HEADER = YES;
				CLANG_WARN_RANGE_LOOP_ANALYSIS = YES;
				CLANG_WARN_STRICT_PROTOTYPES = YES;
				CLANG_WARN_SUSPICIOUS_MOVE = YES;
				CLANG_WARN_UNGUARDED_AVAILABILITY = YES_AGGRESSIVE;
				CLANG_WARN_UNREACHABLE_CODE = YES;
				CLANG_WARN__DUPLICATE_METHOD_MATCH = YES;
				COPY_PHASE_STRIP = NO;
				DEBUG_INFORMATION_FORMAT = dwarf;
				ENABLE_STRICT_OBJC_MSGSEND = YES;
				ENABLE_TESTABILITY = YES;
				GCC_C_LANGUAGE_STANDARD = gnu11;
				GCC_DYNAMIC_NO_PIC = NO;
				GCC_NO_COMMON_BLOCKS = YES;
				GCC_OPTIMIZATION_LEVEL = 0;
				GCC_PREPROCESSOR_DEFINITIONS = (
					"DEBUG=1",
					"$(inherited)",
				);
				GCC_WARN_64_TO_32_BIT_CONVERSION = YES;
				GCC_WARN_ABOUT_RETURN_TYPE = YES_ERROR;
				GCC_WARN_UNDECLARED_SELECTOR = YES;
				GCC_WARN_UNINITIALIZED_AUTOS = YES_AGGRESSIVE;
				GCC_WARN_UNUSED_FUNCTION = YES;
				GCC_WARN_UNUSED_VARIABLE = YES;
				IPHONEOS_DEPLOYMENT_TARGET = 15.5;
				MTL_ENABLE_DEBUG_INFO = INCLUDE_SOURCE;
				MTL_FAST_MATH = YES;
				ONLY_ACTIVE_ARCH = YES;
				SDKROOT = iphoneos;
				SWIFT_ACTIVE_COMPILATION_CONDITIONS = DEBUG;
				SWIFT_OPTIMIZATION_LEVEL = "-Onone";
			};
			name = Debug;
		};
		0AEA033D28D1C7B30076A1BA /* Release */ = {
			isa = XCBuildConfiguration;
			buildSettings = {
				ALWAYS_SEARCH_USER_PATHS = NO;
				CLANG_ANALYZER_NONNULL = YES;
				CLANG_ANALYZER_NUMBER_OBJECT_CONVERSION = YES_AGGRESSIVE;
				CLANG_CXX_LANGUAGE_STANDARD = "gnu++17";
				CLANG_ENABLE_MODULES = YES;
				CLANG_ENABLE_OBJC_ARC = YES;
				CLANG_ENABLE_OBJC_WEAK = YES;
				CLANG_WARN_BLOCK_CAPTURE_AUTORELEASING = YES;
				CLANG_WARN_BOOL_CONVERSION = YES;
				CLANG_WARN_COMMA = YES;
				CLANG_WARN_CONSTANT_CONVERSION = YES;
				CLANG_WARN_DEPRECATED_OBJC_IMPLEMENTATIONS = YES;
				CLANG_WARN_DIRECT_OBJC_ISA_USAGE = YES_ERROR;
				CLANG_WARN_DOCUMENTATION_COMMENTS = YES;
				CLANG_WARN_EMPTY_BODY = YES;
				CLANG_WARN_ENUM_CONVERSION = YES;
				CLANG_WARN_INFINITE_RECURSION = YES;
				CLANG_WARN_INT_CONVERSION = YES;
				CLANG_WARN_NON_LITERAL_NULL_CONVERSION = YES;
				CLANG_WARN_OBJC_IMPLICIT_RETAIN_SELF = YES;
				CLANG_WARN_OBJC_LITERAL_CONVERSION = YES;
				CLANG_WARN_OBJC_ROOT_CLASS = YES_ERROR;
				CLANG_WARN_QUOTED_INCLUDE_IN_FRAMEWORK_HEADER = YES;
				CLANG_WARN_RANGE_LOOP_ANALYSIS = YES;
				CLANG_WARN_STRICT_PROTOTYPES = YES;
				CLANG_WARN_SUSPICIOUS_MOVE = YES;
				CLANG_WARN_UNGUARDED_AVAILABILITY = YES_AGGRESSIVE;
				CLANG_WARN_UNREACHABLE_CODE = YES;
				CLANG_WARN__DUPLICATE_METHOD_MATCH = YES;
				COPY_PHASE_STRIP = NO;
				DEBUG_INFORMATION_FORMAT = "dwarf-with-dsym";
				ENABLE_NS_ASSERTIONS = NO;
				ENABLE_STRICT_OBJC_MSGSEND = YES;
				GCC_C_LANGUAGE_STANDARD = gnu11;
				GCC_NO_COMMON_BLOCKS = YES;
				GCC_WARN_64_TO_32_BIT_CONVERSION = YES;
				GCC_WARN_ABOUT_RETURN_TYPE = YES_ERROR;
				GCC_WARN_UNDECLARED_SELECTOR = YES;
				GCC_WARN_UNINITIALIZED_AUTOS = YES_AGGRESSIVE;
				GCC_WARN_UNUSED_FUNCTION = YES;
				GCC_WARN_UNUSED_VARIABLE = YES;
				IPHONEOS_DEPLOYMENT_TARGET = 15.5;
				MTL_ENABLE_DEBUG_INFO = NO;
				MTL_FAST_MATH = YES;
				SDKROOT = iphoneos;
				SWIFT_COMPILATION_MODE = wholemodule;
				SWIFT_OPTIMIZATION_LEVEL = "-O";
				VALIDATE_PRODUCT = YES;
			};
			name = Release;
		};
		0AEA033F28D1C7B30076A1BA /* Debug */ = {
			isa = XCBuildConfiguration;
			buildSettings = {
				ASSETCATALOG_COMPILER_APPICON_NAME = AppIcon;
				ASSETCATALOG_COMPILER_GLOBAL_ACCENT_COLOR_NAME = AccentColor;
				CLANG_ENABLE_MODULES = YES;
				CODE_SIGN_STYLE = Automatic;
				CURRENT_PROJECT_VERSION = 1;
				DEVELOPMENT_TEAM = W6PESGXW9M;
				FRAMEWORK_SEARCH_PATHS = (
					../../../Frameworks,
					"$(inherited)",
				);
				GENERATE_INFOPLIST_FILE = YES;
				INFOPLIST_FILE = MRZScannerSwift/Info.plist;
				INFOPLIST_KEY_NSCameraUsageDescription = "Require authorization To scan.";
				INFOPLIST_KEY_UIApplicationSupportsIndirectInputEvents = YES;
				INFOPLIST_KEY_UILaunchStoryboardName = LaunchScreen;
				INFOPLIST_KEY_UIMainStoryboardFile = Main;
				INFOPLIST_KEY_UISupportedInterfaceOrientations = "UIInterfaceOrientationPortrait UIInterfaceOrientationLandscapeRight";
				INFOPLIST_KEY_UISupportedInterfaceOrientations_iPad = "UIInterfaceOrientationPortrait UIInterfaceOrientationPortraitUpsideDown UIInterfaceOrientationLandscapeLeft UIInterfaceOrientationLandscapeRight";
				INFOPLIST_KEY_UISupportedInterfaceOrientations_iPhone = "UIInterfaceOrientationPortrait UIInterfaceOrientationLandscapeRight";
				IPHONEOS_DEPLOYMENT_TARGET = 11.0;
				LD_RUNPATH_SEARCH_PATHS = (
					"$(inherited)",
					"@executable_path/Frameworks",
				);
				MARKETING_VERSION = 1.0;
				PRODUCT_BUNDLE_IDENTIFIER = com.dynamsoft.MRZScannerSwift;
				PRODUCT_NAME = "$(TARGET_NAME)";
				SWIFT_EMIT_LOC_STRINGS = YES;
				SWIFT_OBJC_BRIDGING_HEADER = "MRZScannerSwift/MRZScannerSwift-Bridging-Header.h";
				SWIFT_OPTIMIZATION_LEVEL = "-Onone";
				SWIFT_VERSION = 5.0;
				TARGETED_DEVICE_FAMILY = 1;
				VALIDATE_WORKSPACE = NO;
			};
			name = Debug;
		};
		0AEA034028D1C7B30076A1BA /* Release */ = {
			isa = XCBuildConfiguration;
			buildSettings = {
				ASSETCATALOG_COMPILER_APPICON_NAME = AppIcon;
				ASSETCATALOG_COMPILER_GLOBAL_ACCENT_COLOR_NAME = AccentColor;
				CLANG_ENABLE_MODULES = YES;
				CODE_SIGN_STYLE = Automatic;
				CURRENT_PROJECT_VERSION = 1;
				DEVELOPMENT_TEAM = W6PESGXW9M;
				FRAMEWORK_SEARCH_PATHS = (
					../../../Frameworks,
					"$(inherited)",
				);
				GENERATE_INFOPLIST_FILE = YES;
				INFOPLIST_FILE = MRZScannerSwift/Info.plist;
				INFOPLIST_KEY_NSCameraUsageDescription = "Require authorization To scan.";
				INFOPLIST_KEY_UIApplicationSupportsIndirectInputEvents = YES;
				INFOPLIST_KEY_UILaunchStoryboardName = LaunchScreen;
				INFOPLIST_KEY_UIMainStoryboardFile = Main;
				INFOPLIST_KEY_UISupportedInterfaceOrientations = "UIInterfaceOrientationPortrait UIInterfaceOrientationLandscapeRight";
				INFOPLIST_KEY_UISupportedInterfaceOrientations_iPad = "UIInterfaceOrientationPortrait UIInterfaceOrientationPortraitUpsideDown UIInterfaceOrientationLandscapeLeft UIInterfaceOrientationLandscapeRight";
				INFOPLIST_KEY_UISupportedInterfaceOrientations_iPhone = "UIInterfaceOrientationPortrait UIInterfaceOrientationLandscapeRight";
				IPHONEOS_DEPLOYMENT_TARGET = 11.0;
				LD_RUNPATH_SEARCH_PATHS = (
					"$(inherited)",
					"@executable_path/Frameworks",
				);
				MARKETING_VERSION = 1.0;
				PRODUCT_BUNDLE_IDENTIFIER = com.dynamsoft.MRZScannerSwift;
				PRODUCT_NAME = "$(TARGET_NAME)";
				SWIFT_EMIT_LOC_STRINGS = YES;
				SWIFT_OBJC_BRIDGING_HEADER = "MRZScannerSwift/MRZScannerSwift-Bridging-Header.h";
				SWIFT_VERSION = 5.0;
				TARGETED_DEVICE_FAMILY = 1;
				VALIDATE_WORKSPACE = NO;
			};
			name = Release;
		};
/* End XCBuildConfiguration section */

/* Begin XCConfigurationList section */
		0AEA032528D1C7B10076A1BA /* Build configuration list for PBXProject "MRZScannerSwift" */ = {
			isa = XCConfigurationList;
			buildConfigurations = (
				0AEA033C28D1C7B30076A1BA /* Debug */,
				0AEA033D28D1C7B30076A1BA /* Release */,
			);
			defaultConfigurationIsVisible = 0;
			defaultConfigurationName = Release;
		};
		0AEA033E28D1C7B30076A1BA /* Build configuration list for PBXNativeTarget "MRZScannerSwift" */ = {
			isa = XCConfigurationList;
			buildConfigurations = (
				0AEA033F28D1C7B30076A1BA /* Debug */,
				0AEA034028D1C7B30076A1BA /* Release */,
			);
			defaultConfigurationIsVisible = 0;
			defaultConfigurationName = Release;
		};
/* End XCConfigurationList section */
	};
	rootObject = 0AEA032228D1C7B10076A1BA /* Project object */;
}
